// !$*UTF8*$!
{
	archiveVersion = 1;
	classes = {
	};
	objectVersion = 50;
	objects = {

/* Begin PBXBuildFile section */
		044DF74F26522D2B0007755D /* AppDelegate.swift in Sources */ = {isa = PBXBuildFile; fileRef = 044DF74E26522D2B0007755D /* AppDelegate.swift */; };
		044DF75126522D2B0007755D /* SceneDelegate.swift in Sources */ = {isa = PBXBuildFile; fileRef = 044DF75026522D2B0007755D /* SceneDelegate.swift */; };
		044DF75326522D2B0007755D /* ViewController.swift in Sources */ = {isa = PBXBuildFile; fileRef = 044DF75226522D2B0007755D /* ViewController.swift */; };
		044DF75626522D2B0007755D /* Main.storyboard in Resources */ = {isa = PBXBuildFile; fileRef = 044DF75426522D2B0007755D /* Main.storyboard */; };
		044DF75826522D2C0007755D /* Assets.xcassets in Resources */ = {isa = PBXBuildFile; fileRef = 044DF75726522D2C0007755D /* Assets.xcassets */; };
		044DF75B26522D2C0007755D /* LaunchScreen.storyboard in Resources */ = {isa = PBXBuildFile; fileRef = 044DF75926522D2C0007755D /* LaunchScreen.storyboard */; };
		A128EDBF2657AAA700C3B866 /* AreaCodes.json in Resources */ = {isa = PBXBuildFile; fileRef = A128EDBE2657AAA700C3B866 /* AreaCodes.json */; };
		A13B55D52658FEFA001E5706 /* data.json in Resources */ = {isa = PBXBuildFile; fileRef = A13B55D42658FEFA001E5706 /* data.json */; };
		A13B55DC26590BAA001E5706 /* AreaModels.swift in Sources */ = {isa = PBXBuildFile; fileRef = A13B55DB26590BAA001E5706 /* AreaModels.swift */; };
		A13B55DF26594DF1001E5706 /* TourlistTableViewController.swift in Sources */ = {isa = PBXBuildFile; fileRef = A13B55DE26594DF1001E5706 /* TourlistTableViewController.swift */; };
		A1BE88D02659C47F00F28B57 /* TourInfosViewController.swift in Sources */ = {isa = PBXBuildFile; fileRef = A1BE88CF2659C47F00F28B57 /* TourInfosViewController.swift */; };
		A1BE88D32659CC5300F28B57 /* TourInformationViewController.swift in Sources */ = {isa = PBXBuildFile; fileRef = A1BE88D22659CC5300F28B57 /* TourInformationViewController.swift */; };
/* End PBXBuildFile section */

/* Begin PBXFileReference section */
		044DF74B26522D2B0007755D /* IOSProject.app */ = {isa = PBXFileReference; explicitFileType = wrapper.application; includeInIndex = 0; path = IOSProject.app; sourceTree = BUILT_PRODUCTS_DIR; };
		044DF74E26522D2B0007755D /* AppDelegate.swift */ = {isa = PBXFileReference; lastKnownFileType = sourcecode.swift; path = AppDelegate.swift; sourceTree = "<group>"; };
		044DF75026522D2B0007755D /* SceneDelegate.swift */ = {isa = PBXFileReference; lastKnownFileType = sourcecode.swift; path = SceneDelegate.swift; sourceTree = "<group>"; };
		044DF75226522D2B0007755D /* ViewController.swift */ = {isa = PBXFileReference; lastKnownFileType = sourcecode.swift; path = ViewController.swift; sourceTree = "<group>"; };
		044DF75526522D2B0007755D /* Base */ = {isa = PBXFileReference; lastKnownFileType = file.storyboard; name = Base; path = Base.lproj/Main.storyboard; sourceTree = "<group>"; };
		044DF75726522D2C0007755D /* Assets.xcassets */ = {isa = PBXFileReference; lastKnownFileType = folder.assetcatalog; path = Assets.xcassets; sourceTree = "<group>"; };
		044DF75A26522D2C0007755D /* Base */ = {isa = PBXFileReference; lastKnownFileType = file.storyboard; name = Base; path = Base.lproj/LaunchScreen.storyboard; sourceTree = "<group>"; };
		044DF75C26522D2C0007755D /* Info.plist */ = {isa = PBXFileReference; lastKnownFileType = text.plist.xml; path = Info.plist; sourceTree = "<group>"; };
		A128EDBE2657AAA700C3B866 /* AreaCodes.json */ = {isa = PBXFileReference; fileEncoding = 4; lastKnownFileType = text.json; path = AreaCodes.json; sourceTree = "<group>"; };
		A13B55D42658FEFA001E5706 /* data.json */ = {isa = PBXFileReference; fileEncoding = 4; lastKnownFileType = text.json; path = data.json; sourceTree = "<group>"; };
		A13B55DB26590BAA001E5706 /* AreaModels.swift */ = {isa = PBXFileReference; lastKnownFileType = sourcecode.swift; path = AreaModels.swift; sourceTree = "<group>"; };
		A13B55DE26594DF1001E5706 /* TourlistTableViewController.swift */ = {isa = PBXFileReference; lastKnownFileType = sourcecode.swift; path = TourlistTableViewController.swift; sourceTree = "<group>"; };
		A1BE88CF2659C47F00F28B57 /* TourInfosViewController.swift */ = {isa = PBXFileReference; lastKnownFileType = sourcecode.swift; path = TourInfosViewController.swift; sourceTree = "<group>"; };
		A1BE88D22659CC5300F28B57 /* TourInformationViewController.swift */ = {isa = PBXFileReference; lastKnownFileType = sourcecode.swift; path = TourInformationViewController.swift; sourceTree = "<group>"; };
/* End PBXFileReference section */

/* Begin PBXFrameworksBuildPhase section */
		044DF74826522D2B0007755D /* Frameworks */ = {
			isa = PBXFrameworksBuildPhase;
			buildActionMask = 2147483647;
			files = (
			);
			runOnlyForDeploymentPostprocessing = 0;
		};
/* End PBXFrameworksBuildPhase section */

/* Begin PBXGroup section */
		044DF74226522D2B0007755D = {
			isa = PBXGroup;
			children = (
				044DF74D26522D2B0007755D /* IOSProject */,
				044DF74C26522D2B0007755D /* Products */,
			);
			sourceTree = "<group>";
		};
		044DF74C26522D2B0007755D /* Products */ = {
			isa = PBXGroup;
			children = (
				044DF74B26522D2B0007755D /* IOSProject.app */,
			);
			name = Products;
			sourceTree = "<group>";
		};
		044DF74D26522D2B0007755D /* IOSProject */ = {
			isa = PBXGroup;
			children = (
				A13B55D42658FEFA001E5706 /* data.json */,
				044DF74E26522D2B0007755D /* AppDelegate.swift */,
				A128EDBE2657AAA700C3B866 /* AreaCodes.json */,
				044DF75026522D2B0007755D /* SceneDelegate.swift */,
				044DF75426522D2B0007755D /* Main.storyboard */,
				044DF75726522D2C0007755D /* Assets.xcassets */,
				044DF75926522D2C0007755D /* LaunchScreen.storyboard */,
				044DF75C26522D2C0007755D /* Info.plist */,
				A13B55DB26590BAA001E5706 /* AreaModels.swift */,
				044DF75226522D2B0007755D /* ViewController.swift */,
				A13B55DE26594DF1001E5706 /* TourlistTableViewController.swift */,
				A1BE88CF2659C47F00F28B57 /* TourInfosViewController.swift */,
				A1BE88D22659CC5300F28B57 /* TourInformationViewController.swift */,
			);
			path = IOSProject;
			sourceTree = "<group>";
		};
/* End PBXGroup section */

/* Begin PBXNativeTarget section */
		044DF74A26522D2B0007755D /* IOSProject */ = {
			isa = PBXNativeTarget;
			buildConfigurationList = 044DF75F26522D2C0007755D /* Build configuration list for PBXNativeTarget "IOSProject" */;
			buildPhases = (
				044DF74726522D2B0007755D /* Sources */,
				044DF74826522D2B0007755D /* Frameworks */,
				044DF74926522D2B0007755D /* Resources */,
			);
			buildRules = (
			);
			dependencies = (
			);
			name = IOSProject;
			productName = IOSProject;
			productReference = 044DF74B26522D2B0007755D /* IOSProject.app */;
			productType = "com.apple.product-type.application";
		};
/* End PBXNativeTarget section */

/* Begin PBXProject section */
		044DF74326522D2B0007755D /* Project object */ = {
			isa = PBXProject;
			attributes = {
				LastSwiftUpdateCheck = 1230;
				LastUpgradeCheck = 1230;
				TargetAttributes = {
					044DF74A26522D2B0007755D = {
						CreatedOnToolsVersion = 12.3;
					};
				};
			};
			buildConfigurationList = 044DF74626522D2B0007755D /* Build configuration list for PBXProject "IOSProject" */;
			compatibilityVersion = "Xcode 9.3";
			developmentRegion = en;
			hasScannedForEncodings = 0;
			knownRegions = (
				en,
				Base,
			);
			mainGroup = 044DF74226522D2B0007755D;
			productRefGroup = 044DF74C26522D2B0007755D /* Products */;
			projectDirPath = "";
			projectRoot = "";
			targets = (
				044DF74A26522D2B0007755D /* IOSProject */,
			);
		};
/* End PBXProject section */

/* Begin PBXResourcesBuildPhase section */
		044DF74926522D2B0007755D /* Resources */ = {
			isa = PBXResourcesBuildPhase;
			buildActionMask = 2147483647;
			files = (
				044DF75B26522D2C0007755D /* LaunchScreen.storyboard in Resources */,
				A128EDBF2657AAA700C3B866 /* AreaCodes.json in Resources */,
				044DF75826522D2C0007755D /* Assets.xcassets in Resources */,
				A13B55D52658FEFA001E5706 /* data.json in Resources */,
				044DF75626522D2B0007755D /* Main.storyboard in Resources */,
			);
			runOnlyForDeploymentPostprocessing = 0;
		};
/* End PBXResourcesBuildPhase section */

/* Begin PBXSourcesBuildPhase section */
		044DF74726522D2B0007755D /* Sources */ = {
			isa = PBXSourcesBuildPhase;
			buildActionMask = 2147483647;
			files = (
				A13B55DC26590BAA001E5706 /* AreaModels.swift in Sources */,
				044DF75326522D2B0007755D /* ViewController.swift in Sources */,
				A1BE88D02659C47F00F28B57 /* TourInfosViewController.swift in Sources */,
				044DF74F26522D2B0007755D /* AppDelegate.swift in Sources */,
				A13B55DF26594DF1001E5706 /* TourlistTableViewController.swift in Sources */,
				A1BE88D32659CC5300F28B57 /* TourInformationViewController.swift in Sources */,
				044DF75126522D2B0007755D /* SceneDelegate.swift in Sources */,
			);
			runOnlyForDeploymentPostprocessing = 0;
		};
/* End PBXSourcesBuildPhase section */

/* Begin PBXVariantGroup section */
		044DF75426522D2B0007755D /* Main.storyboard */ = {
			isa = PBXVariantGroup;
			children = (
				044DF75526522D2B0007755D /* Base */,
			);
			name = Main.storyboard;
			sourceTree = "<group>";
		};
		044DF75926522D2C0007755D /* LaunchScreen.storyboard */ = {
			isa = PBXVariantGroup;
			children = (
				044DF75A26522D2C0007755D /* Base */,
			);
			name = LaunchScreen.storyboard;
			sourceTree = "<group>";
		};
/* End PBXVariantGroup section */

/* Begin XCBuildConfiguration section */
		044DF75D26522D2C0007755D /* Debug */ = {
			isa = XCBuildConfiguration;
			buildSettings = {
				ALWAYS_SEARCH_USER_PATHS = NO;
				CLANG_ANALYZER_NONNULL = YES;
				CLANG_ANALYZER_NUMBER_OBJECT_CONVERSION = YES_AGGRESSIVE;
				CLANG_CXX_LANGUAGE_STANDARD = "gnu++14";
				CLANG_CXX_LIBRARY = "libc++";
				CLANG_ENABLE_MODULES = YES;
				CLANG_ENABLE_OBJC_ARC = YES;
				CLANG_ENABLE_OBJC_WEAK = YES;
				CLANG_WARN_BLOCK_CAPTURE_AUTORELEASING = YES;
				CLANG_WARN_BOOL_CONVERSION = YES;
				CLANG_WARN_COMMA = YES;
				CLANG_WARN_CONSTANT_CONVERSION = YES;
				CLANG_WARN_DEPRECATED_OBJC_IMPLEMENTATIONS = YES;
				CLANG_WARN_DIRECT_OBJC_ISA_USAGE = YES_ERROR;
				CLANG_WARN_DOCUMENTATION_COMMENTS = YES;
				CLANG_WARN_EMPTY_BODY = YES;
				CLANG_WARN_ENUM_CONVERSION = YES;
				CLANG_WARN_INFINITE_RECURSION = YES;
				CLANG_WARN_INT_CONVERSION = YES;
				CLANG_WARN_NON_LITERAL_NULL_CONVERSION = YES;
				CLANG_WARN_OBJC_IMPLICIT_RETAIN_SELF = YES;
				CLANG_WARN_OBJC_LITERAL_CONVERSION = YES;
				CLANG_WARN_OBJC_ROOT_CLASS = YES_ERROR;
				CLANG_WARN_QUOTED_INCLUDE_IN_FRAMEWORK_HEADER = YES;
				CLANG_WARN_RANGE_LOOP_ANALYSIS = YES;
				CLANG_WARN_STRICT_PROTOTYPES = YES;
				CLANG_WARN_SUSPICIOUS_MOVE = YES;
				CLANG_WARN_UNGUARDED_AVAILABILITY = YES_AGGRESSIVE;
				CLANG_WARN_UNREACHABLE_CODE = YES;
				CLANG_WARN__DUPLICATE_METHOD_MATCH = YES;
				COPY_PHASE_STRIP = NO;
				DEBUG_INFORMATION_FORMAT = dwarf;
				ENABLE_STRICT_OBJC_MSGSEND = YES;
				ENABLE_TESTABILITY = YES;
				GCC_C_LANGUAGE_STANDARD = gnu11;
				GCC_DYNAMIC_NO_PIC = NO;
				GCC_NO_COMMON_BLOCKS = YES;
				GCC_OPTIMIZATION_LEVEL = 0;
				GCC_PREPROCESSOR_DEFINITIONS = (
					"DEBUG=1",
					"$(inherited)",
				);
				GCC_WARN_64_TO_32_BIT_CONVERSION = YES;
				GCC_WARN_ABOUT_RETURN_TYPE = YES_ERROR;
				GCC_WARN_UNDECLARED_SELECTOR = YES;
				GCC_WARN_UNINITIALIZED_AUTOS = YES_AGGRESSIVE;
				GCC_WARN_UNUSED_FUNCTION = YES;
				GCC_WARN_UNUSED_VARIABLE = YES;
				IPHONEOS_DEPLOYMENT_TARGET = 14.3;
				MTL_ENABLE_DEBUG_INFO = INCLUDE_SOURCE;
				MTL_FAST_MATH = YES;
				ONLY_ACTIVE_ARCH = YES;
				SDKROOT = iphoneos;
				SWIFT_ACTIVE_COMPILATION_CONDITIONS = DEBUG;
				SWIFT_OPTIMIZATION_LEVEL = "-Onone";
			};
			name = Debug;
		};
		044DF75E26522D2C0007755D /* Release */ = {
			isa = XCBuildConfiguration;
			buildSettings = {
				ALWAYS_SEARCH_USER_PATHS = NO;
				CLANG_ANALYZER_NONNULL = YES;
				CLANG_ANALYZER_NUMBER_OBJECT_CONVERSION = YES_AGGRESSIVE;
				CLANG_CXX_LANGUAGE_STANDARD = "gnu++14";
				CLANG_CXX_LIBRARY = "libc++";
				CLANG_ENABLE_MODULES = YES;
				CLANG_ENABLE_OBJC_ARC = YES;
				CLANG_ENABLE_OBJC_WEAK = YES;
				CLANG_WARN_BLOCK_CAPTURE_AUTORELEASING = YES;
				CLANG_WARN_BOOL_CONVERSION = YES;
				CLANG_WARN_COMMA = YES;
				CLANG_WARN_CONSTANT_CONVERSION = YES;
				CLANG_WARN_DEPRECATED_OBJC_IMPLEMENTATIONS = YES;
				CLANG_WARN_DIRECT_OBJC_ISA_USAGE = YES_ERROR;
				CLANG_WARN_DOCUMENTATION_COMMENTS = YES;
				CLANG_WARN_EMPTY_BODY = YES;
				CLANG_WARN_ENUM_CONVERSION = YES;
				CLANG_WARN_INFINITE_RECURSION = YES;
				CLANG_WARN_INT_CONVERSION = YES;
				CLANG_WARN_NON_LITERAL_NULL_CONVERSION = YES;
				CLANG_WARN_OBJC_IMPLICIT_RETAIN_SELF = YES;
				CLANG_WARN_OBJC_LITERAL_CONVERSION = YES;
				CLANG_WARN_OBJC_ROOT_CLASS = YES_ERROR;
				CLANG_WARN_QUOTED_INCLUDE_IN_FRAMEWORK_HEADER = YES;
				CLANG_WARN_RANGE_LOOP_ANALYSIS = YES;
				CLANG_WARN_STRICT_PROTOTYPES = YES;
				CLANG_WARN_SUSPICIOUS_MOVE = YES;
				CLANG_WARN_UNGUARDED_AVAILABILITY = YES_AGGRESSIVE;
				CLANG_WARN_UNREACHABLE_CODE = YES;
				CLANG_WARN__DUPLICATE_METHOD_MATCH = YES;
				COPY_PHASE_STRIP = NO;
				DEBUG_INFORMATION_FORMAT = "dwarf-with-dsym";
				ENABLE_NS_ASSERTIONS = NO;
				ENABLE_STRICT_OBJC_MSGSEND = YES;
				GCC_C_LANGUAGE_STANDARD = gnu11;
				GCC_NO_COMMON_BLOCKS = YES;
				GCC_WARN_64_TO_32_BIT_CONVERSION = YES;
				GCC_WARN_ABOUT_RETURN_TYPE = YES_ERROR;
				GCC_WARN_UNDECLARED_SELECTOR = YES;
				GCC_WARN_UNINITIALIZED_AUTOS = YES_AGGRESSIVE;
				GCC_WARN_UNUSED_FUNCTION = YES;
				GCC_WARN_UNUSED_VARIABLE = YES;
				IPHONEOS_DEPLOYMENT_TARGET = 14.3;
				MTL_ENABLE_DEBUG_INFO = NO;
				MTL_FAST_MATH = YES;
				SDKROOT = iphoneos;
				SWIFT_COMPILATION_MODE = wholemodule;
				SWIFT_OPTIMIZATION_LEVEL = "-O";
				VALIDATE_PRODUCT = YES;
			};
			name = Release;
		};
		044DF76026522D2C0007755D /* Debug */ = {
			isa = XCBuildConfiguration;
			buildSettings = {
				ASSETCATALOG_COMPILER_APPICON_NAME = AppIcon;
				ASSETCATALOG_COMPILER_GLOBAL_ACCENT_COLOR_NAME = AccentColor;
				CODE_SIGN_STYLE = Automatic;
				DEVELOPMENT_TEAM = 8JFTLQQCQX;
				INFOPLIST_FILE = IOSProject/Info.plist;
				LD_RUNPATH_SEARCH_PATHS = (
					"$(inherited)",
					"@executable_path/Frameworks",
				);
				PRODUCT_BUNDLE_IDENTIFIER = Jaeyeong.IOSProject;
				PRODUCT_NAME = "$(TARGET_NAME)";
				SWIFT_VERSION = 5.0;
				TARGETED_DEVICE_FAMILY = "1,2";
			};
			name = Debug;
		};
		044DF76126522D2C0007755D /* Release */ = {
			isa = XCBuildConfiguration;
			buildSettings = {
				ASSETCATALOG_COMPILER_APPICON_NAME = AppIcon;
				ASSETCATALOG_COMPILER_GLOBAL_ACCENT_COLOR_NAME = AccentColor;
				CODE_SIGN_STYLE = Automatic;
				DEVELOPMENT_TEAM = 8JFTLQQCQX;
				INFOPLIST_FILE = IOSProject/Info.plist;
				LD_RUNPATH_SEARCH_PATHS = (
					"$(inherited)",
					"@executable_path/Frameworks",
				);
				PRODUCT_BUNDLE_IDENTIFIER = Jaeyeong.IOSProject;
				PRODUCT_NAME = "$(TARGET_NAME)";
				SWIFT_VERSION = 5.0;
				TARGETED_DEVICE_FAMILY = "1,2";
			};
			name = Release;
		};
/* End XCBuildConfiguration section */

/* Begin XCConfigurationList section */
		044DF74626522D2B0007755D /* Build configuration list for PBXProject "IOSProject" */ = {
			isa = XCConfigurationList;
			buildConfigurations = (
				044DF75D26522D2C0007755D /* Debug */,
				044DF75E26522D2C0007755D /* Release */,
			);
			defaultConfigurationIsVisible = 0;
			defaultConfigurationName = Release;
		};
		044DF75F26522D2C0007755D /* Build configuration list for PBXNativeTarget "IOSProject" */ = {
			isa = XCConfigurationList;
			buildConfigurations = (
				044DF76026522D2C0007755D /* Debug */,
				044DF76126522D2C0007755D /* Release */,
			);
			defaultConfigurationIsVisible = 0;
			defaultConfigurationName = Release;
		};
/* End XCConfigurationList section */
	};
	rootObject = 044DF74326522D2B0007755D /* Project object */;
}
